// !$*UTF8*$!
{
	archiveVersion = 1;
	classes = {
	};
	objectVersion = 55;
	objects = {

/* Begin PBXBuildFile section */
		166DF763284E66760015C16C /* FileManager-DataManager.swift in Sources */ = {isa = PBXBuildFile; fileRef = 166DF762284E66750015C16C /* FileManager-DataManager.swift */; };
		166DF765284F907A0015C16C /* PresentedPhoto.swift in Sources */ = {isa = PBXBuildFile; fileRef = 166DF764284F907A0015C16C /* PresentedPhoto.swift */; };
		166DF767284F92E70015C16C /* DetailedView.swift in Sources */ = {isa = PBXBuildFile; fileRef = 166DF766284F92E70015C16C /* DetailedView.swift */; };
		1681983B284CB574005490AF /* ImagePicker.swift in Sources */ = {isa = PBXBuildFile; fileRef = 1681983A284CB574005490AF /* ImagePicker.swift */; };
		168B5C6D284620DE00C99A2B /* RememberThemAllApp.swift in Sources */ = {isa = PBXBuildFile; fileRef = 168B5C6C284620DE00C99A2B /* RememberThemAllApp.swift */; };
		168B5C6F284620DE00C99A2B /* ContentView.swift in Sources */ = {isa = PBXBuildFile; fileRef = 168B5C6E284620DE00C99A2B /* ContentView.swift */; };
		168B5C71284620E100C99A2B /* Assets.xcassets in Resources */ = {isa = PBXBuildFile; fileRef = 168B5C70284620E100C99A2B /* Assets.xcassets */; };
		168B5C74284620E100C99A2B /* Preview Assets.xcassets in Resources */ = {isa = PBXBuildFile; fileRef = 168B5C73284620E100C99A2B /* Preview Assets.xcassets */; };
		168B5C7C2846225800C99A2B /* PhotoBank.xcdatamodeld in Sources */ = {isa = PBXBuildFile; fileRef = 168B5C7A2846225800C99A2B /* PhotoBank.xcdatamodeld */; };
		168B5C7F2846239000C99A2B /* Photo+CoreDataClass.swift in Sources */ = {isa = PBXBuildFile; fileRef = 168B5C7D2846239000C99A2B /* Photo+CoreDataClass.swift */; };
		168B5C802846239000C99A2B /* Photo+CoreDataProperties.swift in Sources */ = {isa = PBXBuildFile; fileRef = 168B5C7E2846239000C99A2B /* Photo+CoreDataProperties.swift */; };
		168B5C82284630F900C99A2B /* DataController.swift in Sources */ = {isa = PBXBuildFile; fileRef = 168B5C81284630F900C99A2B /* DataController.swift */; };
		168B5C84284698B300C99A2B /* AddPhotoView.swift in Sources */ = {isa = PBXBuildFile; fileRef = 168B5C83284698B300C99A2B /* AddPhotoView.swift */; };
/* End PBXBuildFile section */

/* Begin PBXFileReference section */
		166DF762284E66750015C16C /* FileManager-DataManager.swift */ = {isa = PBXFileReference; lastKnownFileType = sourcecode.swift; path = "FileManager-DataManager.swift"; sourceTree = "<group>"; };
		166DF764284F907A0015C16C /* PresentedPhoto.swift */ = {isa = PBXFileReference; lastKnownFileType = sourcecode.swift; path = PresentedPhoto.swift; sourceTree = "<group>"; };
		166DF766284F92E70015C16C /* DetailedView.swift */ = {isa = PBXFileReference; lastKnownFileType = sourcecode.swift; path = DetailedView.swift; sourceTree = "<group>"; };
		1681983A284CB574005490AF /* ImagePicker.swift */ = {isa = PBXFileReference; lastKnownFileType = sourcecode.swift; path = ImagePicker.swift; sourceTree = "<group>"; };
		168B5C69284620DD00C99A2B /* RememberThemAll.app */ = {isa = PBXFileReference; explicitFileType = wrapper.application; includeInIndex = 0; path = RememberThemAll.app; sourceTree = BUILT_PRODUCTS_DIR; };
		168B5C6C284620DE00C99A2B /* RememberThemAllApp.swift */ = {isa = PBXFileReference; lastKnownFileType = sourcecode.swift; path = RememberThemAllApp.swift; sourceTree = "<group>"; };
		168B5C6E284620DE00C99A2B /* ContentView.swift */ = {isa = PBXFileReference; lastKnownFileType = sourcecode.swift; path = ContentView.swift; sourceTree = "<group>"; };
		168B5C70284620E100C99A2B /* Assets.xcassets */ = {isa = PBXFileReference; lastKnownFileType = folder.assetcatalog; path = Assets.xcassets; sourceTree = "<group>"; };
		168B5C73284620E100C99A2B /* Preview Assets.xcassets */ = {isa = PBXFileReference; lastKnownFileType = folder.assetcatalog; path = "Preview Assets.xcassets"; sourceTree = "<group>"; };
		168B5C7B2846225800C99A2B /* PhotoBank.xcdatamodel */ = {isa = PBXFileReference; lastKnownFileType = wrapper.xcdatamodel; path = PhotoBank.xcdatamodel; sourceTree = "<group>"; };
		168B5C7D2846239000C99A2B /* Photo+CoreDataClass.swift */ = {isa = PBXFileReference; lastKnownFileType = sourcecode.swift; path = "Photo+CoreDataClass.swift"; sourceTree = "<group>"; };
		168B5C7E2846239000C99A2B /* Photo+CoreDataProperties.swift */ = {isa = PBXFileReference; lastKnownFileType = sourcecode.swift; path = "Photo+CoreDataProperties.swift"; sourceTree = "<group>"; };
		168B5C81284630F900C99A2B /* DataController.swift */ = {isa = PBXFileReference; lastKnownFileType = sourcecode.swift; path = DataController.swift; sourceTree = "<group>"; };
		168B5C83284698B300C99A2B /* AddPhotoView.swift */ = {isa = PBXFileReference; lastKnownFileType = sourcecode.swift; path = AddPhotoView.swift; sourceTree = "<group>"; };
/* End PBXFileReference section */

/* Begin PBXFrameworksBuildPhase section */
		168B5C66284620DD00C99A2B /* Frameworks */ = {
			isa = PBXFrameworksBuildPhase;
			buildActionMask = 2147483647;
			files = (
			);
			runOnlyForDeploymentPostprocessing = 0;
		};
/* End PBXFrameworksBuildPhase section */

/* Begin PBXGroup section */
		168B5C60284620DD00C99A2B = {
			isa = PBXGroup;
			children = (
				168B5C7D2846239000C99A2B /* Photo+CoreDataClass.swift */,
				168B5C7E2846239000C99A2B /* Photo+CoreDataProperties.swift */,
				168B5C6B284620DD00C99A2B /* RememberThemAll */,
				168B5C6A284620DD00C99A2B /* Products */,
			);
			sourceTree = "<group>";
		};
		168B5C6A284620DD00C99A2B /* Products */ = {
			isa = PBXGroup;
			children = (
				168B5C69284620DD00C99A2B /* RememberThemAll.app */,
			);
			name = Products;
			sourceTree = "<group>";
		};
		168B5C6B284620DD00C99A2B /* RememberThemAll */ = {
			isa = PBXGroup;
			children = (
				168B5C6C284620DE00C99A2B /* RememberThemAllApp.swift */,
				168B5C6E284620DE00C99A2B /* ContentView.swift */,
				166DF766284F92E70015C16C /* DetailedView.swift */,
				166DF764284F907A0015C16C /* PresentedPhoto.swift */,
				166DF762284E66750015C16C /* FileManager-DataManager.swift */,
				168B5C83284698B300C99A2B /* AddPhotoView.swift */,
				1681983A284CB574005490AF /* ImagePicker.swift */,
				168B5C81284630F900C99A2B /* DataController.swift */,
				168B5C7A2846225800C99A2B /* PhotoBank.xcdatamodeld */,
				168B5C70284620E100C99A2B /* Assets.xcassets */,
				168B5C72284620E100C99A2B /* Preview Content */,
			);
			path = RememberThemAll;
			sourceTree = "<group>";
		};
		168B5C72284620E100C99A2B /* Preview Content */ = {
			isa = PBXGroup;
			children = (
				168B5C73284620E100C99A2B /* Preview Assets.xcassets */,
			);
			path = "Preview Content";
			sourceTree = "<group>";
		};
/* End PBXGroup section */

/* Begin PBXNativeTarget section */
		168B5C68284620DD00C99A2B /* RememberThemAll */ = {
			isa = PBXNativeTarget;
			buildConfigurationList = 168B5C77284620E100C99A2B /* Build configuration list for PBXNativeTarget "RememberThemAll" */;
			buildPhases = (
				168B5C65284620DD00C99A2B /* Sources */,
				168B5C66284620DD00C99A2B /* Frameworks */,
				168B5C67284620DD00C99A2B /* Resources */,
			);
			buildRules = (
			);
			dependencies = (
			);
			name = RememberThemAll;
			productName = RememberThemAll;
			productReference = 168B5C69284620DD00C99A2B /* RememberThemAll.app */;
			productType = "com.apple.product-type.application";
		};
/* End PBXNativeTarget section */

/* Begin PBXProject section */
		168B5C61284620DD00C99A2B /* Project object */ = {
			isa = PBXProject;
			attributes = {
				BuildIndependentTargetsInParallel = 1;
				LastSwiftUpdateCheck = 1340;
				LastUpgradeCheck = 1340;
				TargetAttributes = {
					168B5C68284620DD00C99A2B = {
						CreatedOnToolsVersion = 13.4;
					};
				};
			};
			buildConfigurationList = 168B5C64284620DD00C99A2B /* Build configuration list for PBXProject "RememberThemAll" */;
			compatibilityVersion = "Xcode 13.0";
			developmentRegion = en;
			hasScannedForEncodings = 0;
			knownRegions = (
				en,
				Base,
			);
			mainGroup = 168B5C60284620DD00C99A2B;
			productRefGroup = 168B5C6A284620DD00C99A2B /* Products */;
			projectDirPath = "";
			projectRoot = "";
			targets = (
				168B5C68284620DD00C99A2B /* RememberThemAll */,
			);
		};
/* End PBXProject section */

/* Begin PBXResourcesBuildPhase section */
		168B5C67284620DD00C99A2B /* Resources */ = {
			isa = PBXResourcesBuildPhase;
			buildActionMask = 2147483647;
			files = (
				168B5C74284620E100C99A2B /* Preview Assets.xcassets in Resources */,
				168B5C71284620E100C99A2B /* Assets.xcassets in Resources */,
			);
			runOnlyForDeploymentPostprocessing = 0;
		};
/* End PBXResourcesBuildPhase section */

/* Begin PBXSourcesBuildPhase section */
		168B5C65284620DD00C99A2B /* Sources */ = {
			isa = PBXSourcesBuildPhase;
			buildActionMask = 2147483647;
			files = (
				168B5C6F284620DE00C99A2B /* ContentView.swift in Sources */,
				168B5C82284630F900C99A2B /* DataController.swift in Sources */,
				168B5C84284698B300C99A2B /* AddPhotoView.swift in Sources */,
				166DF767284F92E70015C16C /* DetailedView.swift in Sources */,
				166DF765284F907A0015C16C /* PresentedPhoto.swift in Sources */,
				166DF763284E66760015C16C /* FileManager-DataManager.swift in Sources */,
				168B5C6D284620DE00C99A2B /* RememberThemAllApp.swift in Sources */,
				168B5C7F2846239000C99A2B /* Photo+CoreDataClass.swift in Sources */,
				1681983B284CB574005490AF /* ImagePicker.swift in Sources */,
				168B5C802846239000C99A2B /* Photo+CoreDataProperties.swift in Sources */,
				168B5C7C2846225800C99A2B /* PhotoBank.xcdatamodeld in Sources */,
			);
			runOnlyForDeploymentPostprocessing = 0;
		};
/* End PBXSourcesBuildPhase section */

/* Begin XCBuildConfiguration section */
		168B5C75284620E100C99A2B /* Debug */ = {
			isa = XCBuildConfiguration;
			buildSettings = {
				ALWAYS_SEARCH_USER_PATHS = NO;
				CLANG_ANALYZER_NONNULL = YES;
				CLANG_ANALYZER_NUMBER_OBJECT_CONVERSION = YES_AGGRESSIVE;
				CLANG_CXX_LANGUAGE_STANDARD = "gnu++17";
				CLANG_ENABLE_MODULES = YES;
				CLANG_ENABLE_OBJC_ARC = YES;
				CLANG_ENABLE_OBJC_WEAK = YES;
				CLANG_WARN_BLOCK_CAPTURE_AUTORELEASING = YES;
				CLANG_WARN_BOOL_CONVERSION = YES;
				CLANG_WARN_COMMA = YES;
				CLANG_WARN_CONSTANT_CONVERSION = YES;
				CLANG_WARN_DEPRECATED_OBJC_IMPLEMENTATIONS = YES;
				CLANG_WARN_DIRECT_OBJC_ISA_USAGE = YES_ERROR;
				CLANG_WARN_DOCUMENTATION_COMMENTS = YES;
				CLANG_WARN_EMPTY_BODY = YES;
				CLANG_WARN_ENUM_CONVERSION = YES;
				CLANG_WARN_INFINITE_RECURSION = YES;
				CLANG_WARN_INT_CONVERSION = YES;
				CLANG_WARN_NON_LITERAL_NULL_CONVERSION = YES;
				CLANG_WARN_OBJC_IMPLICIT_RETAIN_SELF = YES;
				CLANG_WARN_OBJC_LITERAL_CONVERSION = YES;
				CLANG_WARN_OBJC_ROOT_CLASS = YES_ERROR;
				CLANG_WARN_QUOTED_INCLUDE_IN_FRAMEWORK_HEADER = YES;
				CLANG_WARN_RANGE_LOOP_ANALYSIS = YES;
				CLANG_WARN_STRICT_PROTOTYPES = YES;
				CLANG_WARN_SUSPICIOUS_MOVE = YES;
				CLANG_WARN_UNGUARDED_AVAILABILITY = YES_AGGRESSIVE;
				CLANG_WARN_UNREACHABLE_CODE = YES;
				CLANG_WARN__DUPLICATE_METHOD_MATCH = YES;
				COPY_PHASE_STRIP = NO;
				DEBUG_INFORMATION_FORMAT = dwarf;
				ENABLE_STRICT_OBJC_MSGSEND = YES;
				ENABLE_TESTABILITY = YES;
				GCC_C_LANGUAGE_STANDARD = gnu11;
				GCC_DYNAMIC_NO_PIC = NO;
				GCC_NO_COMMON_BLOCKS = YES;
				GCC_OPTIMIZATION_LEVEL = 0;
				GCC_PREPROCESSOR_DEFINITIONS = (
					"DEBUG=1",
					"$(inherited)",
				);
				GCC_WARN_64_TO_32_BIT_CONVERSION = YES;
				GCC_WARN_ABOUT_RETURN_TYPE = YES_ERROR;
				GCC_WARN_UNDECLARED_SELECTOR = YES;
				GCC_WARN_UNINITIALIZED_AUTOS = YES_AGGRESSIVE;
				GCC_WARN_UNUSED_FUNCTION = YES;
				GCC_WARN_UNUSED_VARIABLE = YES;
				IPHONEOS_DEPLOYMENT_TARGET = 15.5;
				MTL_ENABLE_DEBUG_INFO = INCLUDE_SOURCE;
				MTL_FAST_MATH = YES;
				ONLY_ACTIVE_ARCH = YES;
				SDKROOT = iphoneos;
				SWIFT_ACTIVE_COMPILATION_CONDITIONS = DEBUG;
				SWIFT_OPTIMIZATION_LEVEL = "-Onone";
			};
			name = Debug;
		};
		168B5C76284620E100C99A2B /* Release */ = {
			isa = XCBuildConfiguration;
			buildSettings = {
				ALWAYS_SEARCH_USER_PATHS = NO;
				CLANG_ANALYZER_NONNULL = YES;
				CLANG_ANALYZER_NUMBER_OBJECT_CONVERSION = YES_AGGRESSIVE;
				CLANG_CXX_LANGUAGE_STANDARD = "gnu++17";
				CLANG_ENABLE_MODULES = YES;
				CLANG_ENABLE_OBJC_ARC = YES;
				CLANG_ENABLE_OBJC_WEAK = YES;
				CLANG_WARN_BLOCK_CAPTURE_AUTORELEASING = YES;
				CLANG_WARN_BOOL_CONVERSION = YES;
				CLANG_WARN_COMMA = YES;
				CLANG_WARN_CONSTANT_CONVERSION = YES;
				CLANG_WARN_DEPRECATED_OBJC_IMPLEMENTATIONS = YES;
				CLANG_WARN_DIRECT_OBJC_ISA_USAGE = YES_ERROR;
				CLANG_WARN_DOCUMENTATION_COMMENTS = YES;
				CLANG_WARN_EMPTY_BODY = YES;
				CLANG_WARN_ENUM_CONVERSION = YES;
				CLANG_WARN_INFINITE_RECURSION = YES;
				CLANG_WARN_INT_CONVERSION = YES;
				CLANG_WARN_NON_LITERAL_NULL_CONVERSION = YES;
				CLANG_WARN_OBJC_IMPLICIT_RETAIN_SELF = YES;
				CLANG_WARN_OBJC_LITERAL_CONVERSION = YES;
				CLANG_WARN_OBJC_ROOT_CLASS = YES_ERROR;
				CLANG_WARN_QUOTED_INCLUDE_IN_FRAMEWORK_HEADER = YES;
				CLANG_WARN_RANGE_LOOP_ANALYSIS = YES;
				CLANG_WARN_STRICT_PROTOTYPES = YES;
				CLANG_WARN_SUSPICIOUS_MOVE = YES;
				CLANG_WARN_UNGUARDED_AVAILABILITY = YES_AGGRESSIVE;
				CLANG_WARN_UNREACHABLE_CODE = YES;
				CLANG_WARN__DUPLICATE_METHOD_MATCH = YES;
				COPY_PHASE_STRIP = NO;
				DEBUG_INFORMATION_FORMAT = "dwarf-with-dsym";
				ENABLE_NS_ASSERTIONS = NO;
				ENABLE_STRICT_OBJC_MSGSEND = YES;
				GCC_C_LANGUAGE_STANDARD = gnu11;
				GCC_NO_COMMON_BLOCKS = YES;
				GCC_WARN_64_TO_32_BIT_CONVERSION = YES;
				GCC_WARN_ABOUT_RETURN_TYPE = YES_ERROR;
				GCC_WARN_UNDECLARED_SELECTOR = YES;
				GCC_WARN_UNINITIALIZED_AUTOS = YES_AGGRESSIVE;
				GCC_WARN_UNUSED_FUNCTION = YES;
				GCC_WARN_UNUSED_VARIABLE = YES;
				IPHONEOS_DEPLOYMENT_TARGET = 15.5;
				MTL_ENABLE_DEBUG_INFO = NO;
				MTL_FAST_MATH = YES;
				SDKROOT = iphoneos;
				SWIFT_COMPILATION_MODE = wholemodule;
				SWIFT_OPTIMIZATION_LEVEL = "-O";
				VALIDATE_PRODUCT = YES;
			};
			name = Release;
		};
		168B5C78284620E100C99A2B /* Debug */ = {
			isa = XCBuildConfiguration;
			buildSettings = {
				ASSETCATALOG_COMPILER_APPICON_NAME = AppIcon;
				ASSETCATALOG_COMPILER_GLOBAL_ACCENT_COLOR_NAME = AccentColor;
				CODE_SIGN_STYLE = Automatic;
				CURRENT_PROJECT_VERSION = 1;
				DEVELOPMENT_ASSET_PATHS = "\"RememberThemAll/Preview Content\"";
				DEVELOPMENT_TEAM = 8G6K748QD4;
				ENABLE_PREVIEWS = YES;
				GENERATE_INFOPLIST_FILE = YES;
				INFOPLIST_KEY_UIApplicationSceneManifest_Generation = YES;
				INFOPLIST_KEY_UIApplicationSupportsIndirectInputEvents = YES;
				INFOPLIST_KEY_UILaunchScreen_Generation = YES;
				INFOPLIST_KEY_UISupportedInterfaceOrientations_iPad = "UIInterfaceOrientationPortrait UIInterfaceOrientationPortraitUpsideDown UIInterfaceOrientationLandscapeLeft UIInterfaceOrientationLandscapeRight";
				INFOPLIST_KEY_UISupportedInterfaceOrientations_iPhone = "UIInterfaceOrientationPortrait UIInterfaceOrientationLandscapeLeft UIInterfaceOrientationLandscapeRight";
				LD_RUNPATH_SEARCH_PATHS = (
					"$(inherited)",
					"@executable_path/Frameworks",
				);
				MARKETING_VERSION = 1.0;
				PRODUCT_BUNDLE_IDENTIFIER = com.Po.Alex.RememberThemAll;
				PRODUCT_NAME = "$(TARGET_NAME)";
				SWIFT_EMIT_LOC_STRINGS = YES;
				SWIFT_VERSION = 5.0;
				TARGETED_DEVICE_FAMILY = "1,2";
			};
			name = Debug;
		};
		168B5C79284620E100C99A2B /* Release */ = {
			isa = XCBuildConfiguration;
			buildSettings = {
				ASSETCATALOG_COMPILER_APPICON_NAME = AppIcon;
				ASSETCATALOG_COMPILER_GLOBAL_ACCENT_COLOR_NAME = AccentColor;
				CODE_SIGN_STYLE = Automatic;
				CURRENT_PROJECT_VERSION = 1;
				DEVELOPMENT_ASSET_PATHS = "\"RememberThemAll/Preview Content\"";
				DEVELOPMENT_TEAM = 8G6K748QD4;
				ENABLE_PREVIEWS = YES;
				GENERATE_INFOPLIST_FILE = YES;
				INFOPLIST_KEY_UIApplicationSceneManifest_Generation = YES;
				INFOPLIST_KEY_UIApplicationSupportsIndirectInputEvents = YES;
				INFOPLIST_KEY_UILaunchScreen_Generation = YES;
				INFOPLIST_KEY_UISupportedInterfaceOrientations_iPad = "UIInterfaceOrientationPortrait UIInterfaceOrientationPortraitUpsideDown UIInterfaceOrientationLandscapeLeft UIInterfaceOrientationLandscapeRight";
				INFOPLIST_KEY_UISupportedInterfaceOrientations_iPhone = "UIInterfaceOrientationPortrait UIInterfaceOrientationLandscapeLeft UIInterfaceOrientationLandscapeRight";
				LD_RUNPATH_SEARCH_PATHS = (
					"$(inherited)",
					"@executable_path/Frameworks",
				);
				MARKETING_VERSION = 1.0;
				PRODUCT_BUNDLE_IDENTIFIER = com.Po.Alex.RememberThemAll;
				PRODUCT_NAME = "$(TARGET_NAME)";
				SWIFT_EMIT_LOC_STRINGS = YES;
				SWIFT_VERSION = 5.0;
				TARGETED_DEVICE_FAMILY = "1,2";
			};
			name = Release;
		};
/* End XCBuildConfiguration section */

/* Begin XCConfigurationList section */
		168B5C64284620DD00C99A2B /* Build configuration list for PBXProject "RememberThemAll" */ = {
			isa = XCConfigurationList;
			buildConfigurations = (
				168B5C75284620E100C99A2B /* Debug */,
				168B5C76284620E100C99A2B /* Release */,
			);
			defaultConfigurationIsVisible = 0;
			defaultConfigurationName = Release;
		};
		168B5C77284620E100C99A2B /* Build configuration list for PBXNativeTarget "RememberThemAll" */ = {
			isa = XCConfigurationList;
			buildConfigurations = (
				168B5C78284620E100C99A2B /* Debug */,
				168B5C79284620E100C99A2B /* Release */,
			);
			defaultConfigurationIsVisible = 0;
			defaultConfigurationName = Release;
		};
/* End XCConfigurationList section */

/* Begin XCVersionGroup section */
		168B5C7A2846225800C99A2B /* PhotoBank.xcdatamodeld */ = {
			isa = XCVersionGroup;
			children = (
				168B5C7B2846225800C99A2B /* PhotoBank.xcdatamodel */,
			);
			currentVersion = 168B5C7B2846225800C99A2B /* PhotoBank.xcdatamodel */;
			path = PhotoBank.xcdatamodeld;
			sourceTree = "<group>";
			versionGroupType = wrapper.xcdatamodel;
		};
/* End XCVersionGroup section */
	};
	rootObject = 168B5C61284620DD00C99A2B /* Project object */;
}
